
Microsoft Visual Studio Solution File, Format Version 12.00
# Visual Studio Version 16
VisualStudioVersion = 16.0.31205.134
MinimumVisualStudioVersion = 10.0.40219.1
Project("{2150E333-8FDC-42A3-9474-1A3956D46DE8}") = "Api", "Api", "{66ED4AB4-EC64-4A46-9127-A18722F001A8}"
EndProject
Project("{2150E333-8FDC-42A3-9474-1A3956D46DE8}") = ".core", ".core", "{63A9FD73-13D6-4C91-98B5-D9D7A4127E6F}"
EndProject
Project("{2150E333-8FDC-42A3-9474-1A3956D46DE8}") = ".cmn", ".cmn", "{5E3B87C2-BB98-432E-BD68-9F16AA285B3C}"
EndProject
Project("{9A19103F-16F7-4668-BE54-9A1E7A4F7556}") = "Cmn.Models", ".cmn\Cmn.Models\Cmn.Models.csproj", "{C1FE192B-DE36-489C-B257-DB963D08A29A}"
EndProject
Project("{9A19103F-16F7-4668-BE54-9A1E7A4F7556}") = "Core.Service.Host", ".core\Core.Service.Host\Core.Service.Host.csproj", "{42FD3A90-CC16-4992-9C83-59B6BE02D3E3}"
EndProject
Project("{9A19103F-16F7-4668-BE54-9A1E7A4F7556}") = "Core.Service.Host.Client", ".core\Core.Service.Host.Client\Core.Service.Host.Client.csproj", "{6EF00CC0-FB80-4106-A745-C25098F94236}"
EndProject
Project("{9A19103F-16F7-4668-BE54-9A1E7A4F7556}") = "Core.Service.Host.Convention", ".core\Core.Service.Host.Convention\Core.Service.Host.Convention.csproj", "{93A31F03-29A5-491F-877E-9529C9502D8A}"
EndProject
Project("{9A19103F-16F7-4668-BE54-9A1E7A4F7556}") = "Core.Service.Interfaces", ".core\Core.Service.Host.Interfaces\Core.Service.Interfaces.csproj", "{1CF6110A-49A9-40C7-945B-7FDEA1202D89}"
EndProject
Project("{9A19103F-16F7-4668-BE54-9A1E7A4F7556}") = "Core.Tool", ".core\Core.Tool\Core.Tool.csproj", "{D88306E4-2432-433A-AB3D-4A48A706EC38}"
EndProject
Project("{9A19103F-16F7-4668-BE54-9A1E7A4F7556}") = "Moedi.Cqrs", ".core\Moedi.Cqrs\Moedi.Cqrs.csproj", "{421C9458-59FC-406D-AE4D-822536C2E060}"
EndProject
Project("{9A19103F-16F7-4668-BE54-9A1E7A4F7556}") = "Moedi.Cqrs.Messages", ".core\Moedi.Cqrs.Messages\Moedi.Cqrs.Messages.csproj", "{134084B3-0A08-44D4-8C80-56681F49AB6A}"
EndProject
Project("{9A19103F-16F7-4668-BE54-9A1E7A4F7556}") = "Moedi.Data.Core", ".core\Moedi.Data.Core\Moedi.Data.Core.csproj", "{35ADE659-C581-41AF-9ED0-6FB2D71B875F}"
EndProject
Project("{9A19103F-16F7-4668-BE54-9A1E7A4F7556}") = "Moedi.Data.Ef", ".core\Moedi.Data.Ef\Moedi.Data.Ef.csproj", "{0920A2D6-F906-4BB3-B985-2A579DDFAC9A}"
EndProject
Project("{E53339B2-1760-4266-BCC7-CA923CBCF16C}") = "docker-compose", "docker-compose.dcproj", "{22D74297-92C6-4786-B777-AFF5525B59B6}"
EndProject
Project("{9A19103F-16F7-4668-BE54-9A1E7A4F7556}") = "Api.Gateway", "Services\Api.Gateway\Api.Gateway\Api.Gateway.csproj", "{1E5B16E5-E45F-46BF-827C-1FD665D4D6AD}"
EndProject
Project("{9A19103F-16F7-4668-BE54-9A1E7A4F7556}") = "Api.Gateway.Test.Integration", "Services\Api.Gateway\Api.Gateway.Test.Integration\Api.Gateway.Test.Integration.csproj", "{9F4CFBEB-1312-4EE7-861D-A52220043C59}"
EndProject
Project("{2150E333-8FDC-42A3-9474-1A3956D46DE8}") = "Gis", "Gis", "{EDCFBF11-8E25-43F9-8DD1-F3622E21CE85}"
EndProject
Project("{9A19103F-16F7-4668-BE54-9A1E7A4F7556}") = "Gis.Contract", "Services\Gis\Gis.Contract\Gis.Contract.csproj", "{3E8D7DF5-3A90-42D9-ADBA-96315FDF12AA}"
EndProject
Project("{9A19103F-16F7-4668-BE54-9A1E7A4F7556}") = "Gis.Domain", "Services\Gis\Gis.Domain\Gis.Domain.csproj", "{67C4FF4E-7726-4A04-B3F4-5A61444C8425}"
EndProject
Project("{9A19103F-16F7-4668-BE54-9A1E7A4F7556}") = "Gis.Implementation", "Services\Gis\Gis.Implementation\Gis.Implementation.csproj", "{3BF3EE87-1F76-4A4E-BB9E-59C8576DC756}"
EndProject
Project("{9A19103F-16F7-4668-BE54-9A1E7A4F7556}") = "Gis.Model", "Services\Gis\Gis.Model\Gis.Model.csproj", "{1946CB34-0965-4ED3-9EB3-C2872453D3AF}"
EndProject
Project("{FAE04EC0-301F-11D3-BF4B-00C04F79EFBC}") = "Gis.Test.Integration", "Services\Gis\Gis.Test.Integration\Gis.Test.Integration.csproj", "{D7A86BFB-400D-45C7-9731-B6F2A57CF315}"
EndProject
Project("{FAE04EC0-301F-11D3-BF4B-00C04F79EFBC}") = "Gis.Test.Unit", "Services\Gis\Gis.Test.Unit\Gis.Test.Unit.csproj", "{F5D9D72F-880C-4D8F-B428-565AA5E2DC92}"
EndProject
Project("{FAE04EC0-301F-11D3-BF4B-00C04F79EFBC}") = "Core.Test", ".core\Core.Test\Core.Test.csproj", "{E8367566-2A34-49C5-824A-FB793CAF62BC}"
EndProject
Global
	GlobalSection(SolutionConfigurationPlatforms) = preSolution
		Debug|Any CPU = Debug|Any CPU
		Release|Any CPU = Release|Any CPU
	EndGlobalSection
	GlobalSection(ProjectConfigurationPlatforms) = postSolution
		{C1FE192B-DE36-489C-B257-DB963D08A29A}.Debug|Any CPU.ActiveCfg = Debug|Any CPU
		{C1FE192B-DE36-489C-B257-DB963D08A29A}.Debug|Any CPU.Build.0 = Debug|Any CPU
		{C1FE192B-DE36-489C-B257-DB963D08A29A}.Release|Any CPU.ActiveCfg = Release|Any CPU
		{C1FE192B-DE36-489C-B257-DB963D08A29A}.Release|Any CPU.Build.0 = Release|Any CPU
		{42FD3A90-CC16-4992-9C83-59B6BE02D3E3}.Debug|Any CPU.ActiveCfg = Debug|Any CPU
		{42FD3A90-CC16-4992-9C83-59B6BE02D3E3}.Debug|Any CPU.Build.0 = Debug|Any CPU
		{42FD3A90-CC16-4992-9C83-59B6BE02D3E3}.Release|Any CPU.ActiveCfg = Release|Any CPU
		{42FD3A90-CC16-4992-9C83-59B6BE02D3E3}.Release|Any CPU.Build.0 = Release|Any CPU
		{6EF00CC0-FB80-4106-A745-C25098F94236}.Debug|Any CPU.ActiveCfg = Debug|Any CPU
		{6EF00CC0-FB80-4106-A745-C25098F94236}.Debug|Any CPU.Build.0 = Debug|Any CPU
		{6EF00CC0-FB80-4106-A745-C25098F94236}.Release|Any CPU.ActiveCfg = Release|Any CPU
		{6EF00CC0-FB80-4106-A745-C25098F94236}.Release|Any CPU.Build.0 = Release|Any CPU
		{93A31F03-29A5-491F-877E-9529C9502D8A}.Debug|Any CPU.ActiveCfg = Debug|Any CPU
		{93A31F03-29A5-491F-877E-9529C9502D8A}.Debug|Any CPU.Build.0 = Debug|Any CPU
		{93A31F03-29A5-491F-877E-9529C9502D8A}.Release|Any CPU.ActiveCfg = Release|Any CPU
		{93A31F03-29A5-491F-877E-9529C9502D8A}.Release|Any CPU.Build.0 = Release|Any CPU
		{1CF6110A-49A9-40C7-945B-7FDEA1202D89}.Debug|Any CPU.ActiveCfg = Debug|Any CPU
		{1CF6110A-49A9-40C7-945B-7FDEA1202D89}.Debug|Any CPU.Build.0 = Debug|Any CPU
		{1CF6110A-49A9-40C7-945B-7FDEA1202D89}.Release|Any CPU.ActiveCfg = Release|Any CPU
		{1CF6110A-49A9-40C7-945B-7FDEA1202D89}.Release|Any CPU.Build.0 = Release|Any CPU
		{D88306E4-2432-433A-AB3D-4A48A706EC38}.Debug|Any CPU.ActiveCfg = Debug|Any CPU
		{D88306E4-2432-433A-AB3D-4A48A706EC38}.Debug|Any CPU.Build.0 = Debug|Any CPU
		{D88306E4-2432-433A-AB3D-4A48A706EC38}.Release|Any CPU.ActiveCfg = Release|Any CPU
		{D88306E4-2432-433A-AB3D-4A48A706EC38}.Release|Any CPU.Build.0 = Release|Any CPU
		{421C9458-59FC-406D-AE4D-822536C2E060}.Debug|Any CPU.ActiveCfg = Debug|Any CPU
		{421C9458-59FC-406D-AE4D-822536C2E060}.Debug|Any CPU.Build.0 = Debug|Any CPU
		{421C9458-59FC-406D-AE4D-822536C2E060}.Release|Any CPU.ActiveCfg = Release|Any CPU
		{421C9458-59FC-406D-AE4D-822536C2E060}.Release|Any CPU.Build.0 = Release|Any CPU
		{134084B3-0A08-44D4-8C80-56681F49AB6A}.Debug|Any CPU.ActiveCfg = Debug|Any CPU
		{134084B3-0A08-44D4-8C80-56681F49AB6A}.Debug|Any CPU.Build.0 = Debug|Any CPU
		{134084B3-0A08-44D4-8C80-56681F49AB6A}.Release|Any CPU.ActiveCfg = Release|Any CPU
		{134084B3-0A08-44D4-8C80-56681F49AB6A}.Release|Any CPU.Build.0 = Release|Any CPU
		{35ADE659-C581-41AF-9ED0-6FB2D71B875F}.Debug|Any CPU.ActiveCfg = Debug|Any CPU
		{35ADE659-C581-41AF-9ED0-6FB2D71B875F}.Debug|Any CPU.Build.0 = Debug|Any CPU
		{35ADE659-C581-41AF-9ED0-6FB2D71B875F}.Release|Any CPU.ActiveCfg = Release|Any CPU
		{35ADE659-C581-41AF-9ED0-6FB2D71B875F}.Release|Any CPU.Build.0 = Release|Any CPU
		{0920A2D6-F906-4BB3-B985-2A579DDFAC9A}.Debug|Any CPU.ActiveCfg = Debug|Any CPU
		{0920A2D6-F906-4BB3-B985-2A579DDFAC9A}.Debug|Any CPU.Build.0 = Debug|Any CPU
		{0920A2D6-F906-4BB3-B985-2A579DDFAC9A}.Release|Any CPU.ActiveCfg = Release|Any CPU
		{0920A2D6-F906-4BB3-B985-2A579DDFAC9A}.Release|Any CPU.Build.0 = Release|Any CPU
		{22D74297-92C6-4786-B777-AFF5525B59B6}.Debug|Any CPU.ActiveCfg = Debug|Any CPU
		{22D74297-92C6-4786-B777-AFF5525B59B6}.Debug|Any CPU.Build.0 = Debug|Any CPU
		{22D74297-92C6-4786-B777-AFF5525B59B6}.Release|Any CPU.ActiveCfg = Release|Any CPU
		{22D74297-92C6-4786-B777-AFF5525B59B6}.Release|Any CPU.Build.0 = Release|Any CPU
		{1E5B16E5-E45F-46BF-827C-1FD665D4D6AD}.Debug|Any CPU.ActiveCfg = Debug|Any CPU
		{1E5B16E5-E45F-46BF-827C-1FD665D4D6AD}.Debug|Any CPU.Build.0 = Debug|Any CPU
		{1E5B16E5-E45F-46BF-827C-1FD665D4D6AD}.Release|Any CPU.ActiveCfg = Release|Any CPU
		{1E5B16E5-E45F-46BF-827C-1FD665D4D6AD}.Release|Any CPU.Build.0 = Release|Any CPU
		{9F4CFBEB-1312-4EE7-861D-A52220043C59}.Debug|Any CPU.ActiveCfg = Debug|Any CPU
		{9F4CFBEB-1312-4EE7-861D-A52220043C59}.Debug|Any CPU.Build.0 = Debug|Any CPU
		{9F4CFBEB-1312-4EE7-861D-A52220043C59}.Release|Any CPU.ActiveCfg = Release|Any CPU
		{9F4CFBEB-1312-4EE7-861D-A52220043C59}.Release|Any CPU.Build.0 = Release|Any CPU
		{3E8D7DF5-3A90-42D9-ADBA-96315FDF12AA}.Debug|Any CPU.ActiveCfg = Debug|Any CPU
		{3E8D7DF5-3A90-42D9-ADBA-96315FDF12AA}.Debug|Any CPU.Build.0 = Debug|Any CPU
		{3E8D7DF5-3A90-42D9-ADBA-96315FDF12AA}.Release|Any CPU.ActiveCfg = Release|Any CPU
		{3E8D7DF5-3A90-42D9-ADBA-96315FDF12AA}.Release|Any CPU.Build.0 = Release|Any CPU
		{67C4FF4E-7726-4A04-B3F4-5A61444C8425}.Debug|Any CPU.ActiveCfg = Debug|Any CPU
		{67C4FF4E-7726-4A04-B3F4-5A61444C8425}.Debug|Any CPU.Build.0 = Debug|Any CPU
		{67C4FF4E-7726-4A04-B3F4-5A61444C8425}.Release|Any CPU.ActiveCfg = Release|Any CPU
		{67C4FF4E-7726-4A04-B3F4-5A61444C8425}.Release|Any CPU.Build.0 = Release|Any CPU
		{3BF3EE87-1F76-4A4E-BB9E-59C8576DC756}.Debug|Any CPU.ActiveCfg = Debug|Any CPU
		{3BF3EE87-1F76-4A4E-BB9E-59C8576DC756}.Debug|Any CPU.Build.0 = Debug|Any CPU
		{3BF3EE87-1F76-4A4E-BB9E-59C8576DC756}.Release|Any CPU.ActiveCfg = Release|Any CPU
		{3BF3EE87-1F76-4A4E-BB9E-59C8576DC756}.Release|Any CPU.Build.0 = Release|Any CPU
		{1946CB34-0965-4ED3-9EB3-C2872453D3AF}.Debug|Any CPU.ActiveCfg = Debug|Any CPU
		{1946CB34-0965-4ED3-9EB3-C2872453D3AF}.Debug|Any CPU.Build.0 = Debug|Any CPU
		{1946CB34-0965-4ED3-9EB3-C2872453D3AF}.Release|Any CPU.ActiveCfg = Release|Any CPU
		{1946CB34-0965-4ED3-9EB3-C2872453D3AF}.Release|Any CPU.Build.0 = Release|Any CPU
		{D7A86BFB-400D-45C7-9731-B6F2A57CF315}.Debug|Any CPU.ActiveCfg = Debug|Any CPU
		{D7A86BFB-400D-45C7-9731-B6F2A57CF315}.Debug|Any CPU.Build.0 = Debug|Any CPU
		{D7A86BFB-400D-45C7-9731-B6F2A57CF315}.Release|Any CPU.ActiveCfg = Release|Any CPU
		{D7A86BFB-400D-45C7-9731-B6F2A57CF315}.Release|Any CPU.Build.0 = Release|Any CPU
		{F5D9D72F-880C-4D8F-B428-565AA5E2DC92}.Debug|Any CPU.ActiveCfg = Debug|Any CPU
		{F5D9D72F-880C-4D8F-B428-565AA5E2DC92}.Debug|Any CPU.Build.0 = Debug|Any CPU
		{F5D9D72F-880C-4D8F-B428-565AA5E2DC92}.Release|Any CPU.ActiveCfg = Release|Any CPU
		{F5D9D72F-880C-4D8F-B428-565AA5E2DC92}.Release|Any CPU.Build.0 = Release|Any CPU
		{E8367566-2A34-49C5-824A-FB793CAF62BC}.Debug|Any CPU.ActiveCfg = Debug|Any CPU
		{E8367566-2A34-49C5-824A-FB793CAF62BC}.Debug|Any CPU.Build.0 = Debug|Any CPU
		{E8367566-2A34-49C5-824A-FB793CAF62BC}.Release|Any CPU.ActiveCfg = Release|Any CPU
		{E8367566-2A34-49C5-824A-FB793CAF62BC}.Release|Any CPU.Build.0 = Release|Any CPU
	EndGlobalSection
	GlobalSection(SolutionProperties) = preSolution
		HideSolutionNode = FALSE
	EndGlobalSection
	GlobalSection(NestedProjects) = preSolution
		{C1FE192B-DE36-489C-B257-DB963D08A29A} = {5E3B87C2-BB98-432E-BD68-9F16AA285B3C}
		{42FD3A90-CC16-4992-9C83-59B6BE02D3E3} = {63A9FD73-13D6-4C91-98B5-D9D7A4127E6F}
		{6EF00CC0-FB80-4106-A745-C25098F94236} = {63A9FD73-13D6-4C91-98B5-D9D7A4127E6F}
		{93A31F03-29A5-491F-877E-9529C9502D8A} = {63A9FD73-13D6-4C91-98B5-D9D7A4127E6F}
		{1CF6110A-49A9-40C7-945B-7FDEA1202D89} = {63A9FD73-13D6-4C91-98B5-D9D7A4127E6F}
		{D88306E4-2432-433A-AB3D-4A48A706EC38} = {63A9FD73-13D6-4C91-98B5-D9D7A4127E6F}
		{421C9458-59FC-406D-AE4D-822536C2E060} = {63A9FD73-13D6-4C91-98B5-D9D7A4127E6F}
		{134084B3-0A08-44D4-8C80-56681F49AB6A} = {63A9FD73-13D6-4C91-98B5-D9D7A4127E6F}
		{35ADE659-C581-41AF-9ED0-6FB2D71B875F} = {63A9FD73-13D6-4C91-98B5-D9D7A4127E6F}
		{0920A2D6-F906-4BB3-B985-2A579DDFAC9A} = {63A9FD73-13D6-4C91-98B5-D9D7A4127E6F}
		{1E5B16E5-E45F-46BF-827C-1FD665D4D6AD} = {66ED4AB4-EC64-4A46-9127-A18722F001A8}
		{9F4CFBEB-1312-4EE7-861D-A52220043C59} = {66ED4AB4-EC64-4A46-9127-A18722F001A8}
		{3E8D7DF5-3A90-42D9-ADBA-96315FDF12AA} = {EDCFBF11-8E25-43F9-8DD1-F3622E21CE85}
		{67C4FF4E-7726-4A04-B3F4-5A61444C8425} = {EDCFBF11-8E25-43F9-8DD1-F3622E21CE85}
		{3BF3EE87-1F76-4A4E-BB9E-59C8576DC756} = {EDCFBF11-8E25-43F9-8DD1-F3622E21CE85}
		{1946CB34-0965-4ED3-9EB3-C2872453D3AF} = {EDCFBF11-8E25-43F9-8DD1-F3622E21CE85}
		{D7A86BFB-400D-45C7-9731-B6F2A57CF315} = {EDCFBF11-8E25-43F9-8DD1-F3622E21CE85}
		{F5D9D72F-880C-4D8F-B428-565AA5E2DC92} = {EDCFBF11-8E25-43F9-8DD1-F3622E21CE85}
		{E8367566-2A34-49C5-824A-FB793CAF62BC} = {63A9FD73-13D6-4C91-98B5-D9D7A4127E6F}
	EndGlobalSection
	GlobalSection(ExtensibilityGlobals) = postSolution
		SolutionGuid = {4994B291-2331-4220-9C46-54732A892A1D}
	EndGlobalSection
EndGlobal
