
Microsoft Visual Studio Solution File, Format Version 12.00
# Visual Studio Version 16
VisualStudioVersion = 16.0.31205.134
MinimumVisualStudioVersion = 10.0.40219.1
Project("{2150E333-8FDC-42A3-9474-1A3956D46DE8}") = "Api", "Api", "{66ED4AB4-EC64-4A46-9127-A18722F001A8}"
EndProject
Project("{2150E333-8FDC-42A3-9474-1A3956D46DE8}") = "Person", "Person", "{B9EA1795-85E6-4697-B81F-273B9A03AB21}"
EndProject
Project("{2150E333-8FDC-42A3-9474-1A3956D46DE8}") = "Projection", "Projection", "{AD461F82-260F-42DA-8AA0-8E6C1EC27B69}"
EndProject
Project("{9A19103F-16F7-4668-BE54-9A1E7A4F7556}") = "Api.Gateway", "Services\Api.Gateway\Api.Gateway.csproj", "{66B864EB-F4A3-4980-A6FB-C47E5DB4F203}"
EndProject
Project("{9A19103F-16F7-4668-BE54-9A1E7A4F7556}") = "Person.Domain", "Services\Person\Person.Domain\Person.Domain.csproj", "{BC9F10B2-C2A7-4E79-BADF-A32A5F3502A3}"
EndProject
Project("{9A19103F-16F7-4668-BE54-9A1E7A4F7556}") = "Person.Contract", "Services\Person\Person.Contract\Person.Contract.csproj", "{E19DCC72-177D-4375-B9EF-8A2841FCA02A}"
EndProject
Project("{9A19103F-16F7-4668-BE54-9A1E7A4F7556}") = "Person.Model", "Services\Person\Person.Model\Person.Model.csproj", "{460BDF78-14D7-45AE-AA3E-AABAD02310ED}"
EndProject
Project("{9A19103F-16F7-4668-BE54-9A1E7A4F7556}") = "Projection.Contract", "Services\Projection\Projection.Contract\Projection.Contract.csproj", "{395F3A5C-422A-4107-B595-9B8FBF81DC40}"
EndProject
Project("{9A19103F-16F7-4668-BE54-9A1E7A4F7556}") = "Projection.Domain", "Services\Projection\Projection.Domain\Projection.Domain.csproj", "{346EC3E0-25FC-440F-9B27-170BBDF0C9DE}"
EndProject
Project("{2150E333-8FDC-42A3-9474-1A3956D46DE8}") = ".core", ".core", "{63A9FD73-13D6-4C91-98B5-D9D7A4127E6F}"
EndProject
Project("{2150E333-8FDC-42A3-9474-1A3956D46DE8}") = ".cmn", ".cmn", "{5E3B87C2-BB98-432E-BD68-9F16AA285B3C}"
EndProject
Project("{9A19103F-16F7-4668-BE54-9A1E7A4F7556}") = "Cmn.Models", ".cmn\Cmn.Models\Cmn.Models.csproj", "{C1FE192B-DE36-489C-B257-DB963D08A29A}"
EndProject
Project("{9A19103F-16F7-4668-BE54-9A1E7A4F7556}") = "Core.Service.Host", ".core\Core.Service.Host\Core.Service.Host.csproj", "{42FD3A90-CC16-4992-9C83-59B6BE02D3E3}"
EndProject
Project("{9A19103F-16F7-4668-BE54-9A1E7A4F7556}") = "Core.Service.Host.Client", ".core\Core.Service.Host.Client\Core.Service.Host.Client.csproj", "{6EF00CC0-FB80-4106-A745-C25098F94236}"
EndProject
Project("{9A19103F-16F7-4668-BE54-9A1E7A4F7556}") = "Core.Service.Host.Convention", ".core\Core.Service.Host.Convention\Core.Service.Host.Convention.csproj", "{93A31F03-29A5-491F-877E-9529C9502D8A}"
EndProject
Project("{9A19103F-16F7-4668-BE54-9A1E7A4F7556}") = "Core.Service.Interfaces", ".core\Core.Service.Host.Interfaces\Core.Service.Interfaces.csproj", "{1CF6110A-49A9-40C7-945B-7FDEA1202D89}"
EndProject
Project("{9A19103F-16F7-4668-BE54-9A1E7A4F7556}") = "Core.Tool", ".core\Core.Tool\Core.Tool.csproj", "{D88306E4-2432-433A-AB3D-4A48A706EC38}"
EndProject
Project("{9A19103F-16F7-4668-BE54-9A1E7A4F7556}") = "Moedi.Cqrs", ".core\Moedi.Cqrs\Moedi.Cqrs.csproj", "{421C9458-59FC-406D-AE4D-822536C2E060}"
EndProject
Project("{9A19103F-16F7-4668-BE54-9A1E7A4F7556}") = "Moedi.Cqrs.Messages", ".core\Moedi.Cqrs.Messages\Moedi.Cqrs.Messages.csproj", "{134084B3-0A08-44D4-8C80-56681F49AB6A}"
EndProject
Project("{9A19103F-16F7-4668-BE54-9A1E7A4F7556}") = "Moedi.Data.Core", ".core\Moedi.Data.Core\Moedi.Data.Core.csproj", "{35ADE659-C581-41AF-9ED0-6FB2D71B875F}"
EndProject
Project("{9A19103F-16F7-4668-BE54-9A1E7A4F7556}") = "Moedi.Data.Ef", ".core\Moedi.Data.Ef\Moedi.Data.Ef.csproj", "{0920A2D6-F906-4BB3-B985-2A579DDFAC9A}"
EndProject
Project("{E53339B2-1760-4266-BCC7-CA923CBCF16C}") = "docker-compose", "docker-compose.dcproj", "{22D74297-92C6-4786-B777-AFF5525B59B6}"
EndProject
Project("{9A19103F-16F7-4668-BE54-9A1E7A4F7556}") = "Person.Implementation", "Services\Person\Person.Implementation\Person.Implementation.csproj", "{C4045CBA-8647-40D6-AD13-BF5D7B7D1C40}"
EndProject
Project("{9A19103F-16F7-4668-BE54-9A1E7A4F7556}") = "Projection.Implementation.Monolithic", "Services\Projection\Projection.Implementation.Monolithic\Projection.Implementation.Monolithic.csproj", "{F16B9623-3E3A-4D9C-AE57-2A60A7BC392C}"
EndProject
Global
	GlobalSection(SolutionConfigurationPlatforms) = preSolution
		Debug|Any CPU = Debug|Any CPU
		Release|Any CPU = Release|Any CPU
	EndGlobalSection
	GlobalSection(ProjectConfigurationPlatforms) = postSolution
		{66B864EB-F4A3-4980-A6FB-C47E5DB4F203}.Debug|Any CPU.ActiveCfg = Debug|Any CPU
		{66B864EB-F4A3-4980-A6FB-C47E5DB4F203}.Debug|Any CPU.Build.0 = Debug|Any CPU
		{66B864EB-F4A3-4980-A6FB-C47E5DB4F203}.Release|Any CPU.ActiveCfg = Release|Any CPU
		{66B864EB-F4A3-4980-A6FB-C47E5DB4F203}.Release|Any CPU.Build.0 = Release|Any CPU
		{BC9F10B2-C2A7-4E79-BADF-A32A5F3502A3}.Debug|Any CPU.ActiveCfg = Debug|Any CPU
		{BC9F10B2-C2A7-4E79-BADF-A32A5F3502A3}.Debug|Any CPU.Build.0 = Debug|Any CPU
		{BC9F10B2-C2A7-4E79-BADF-A32A5F3502A3}.Release|Any CPU.ActiveCfg = Release|Any CPU
		{BC9F10B2-C2A7-4E79-BADF-A32A5F3502A3}.Release|Any CPU.Build.0 = Release|Any CPU
		{E19DCC72-177D-4375-B9EF-8A2841FCA02A}.Debug|Any CPU.ActiveCfg = Debug|Any CPU
		{E19DCC72-177D-4375-B9EF-8A2841FCA02A}.Debug|Any CPU.Build.0 = Debug|Any CPU
		{E19DCC72-177D-4375-B9EF-8A2841FCA02A}.Release|Any CPU.ActiveCfg = Release|Any CPU
		{E19DCC72-177D-4375-B9EF-8A2841FCA02A}.Release|Any CPU.Build.0 = Release|Any CPU
		{460BDF78-14D7-45AE-AA3E-AABAD02310ED}.Debug|Any CPU.ActiveCfg = Debug|Any CPU
		{460BDF78-14D7-45AE-AA3E-AABAD02310ED}.Debug|Any CPU.Build.0 = Debug|Any CPU
		{460BDF78-14D7-45AE-AA3E-AABAD02310ED}.Release|Any CPU.ActiveCfg = Release|Any CPU
		{460BDF78-14D7-45AE-AA3E-AABAD02310ED}.Release|Any CPU.Build.0 = Release|Any CPU
		{395F3A5C-422A-4107-B595-9B8FBF81DC40}.Debug|Any CPU.ActiveCfg = Debug|Any CPU
		{395F3A5C-422A-4107-B595-9B8FBF81DC40}.Debug|Any CPU.Build.0 = Debug|Any CPU
		{395F3A5C-422A-4107-B595-9B8FBF81DC40}.Release|Any CPU.ActiveCfg = Release|Any CPU
		{395F3A5C-422A-4107-B595-9B8FBF81DC40}.Release|Any CPU.Build.0 = Release|Any CPU
		{346EC3E0-25FC-440F-9B27-170BBDF0C9DE}.Debug|Any CPU.ActiveCfg = Debug|Any CPU
		{346EC3E0-25FC-440F-9B27-170BBDF0C9DE}.Debug|Any CPU.Build.0 = Debug|Any CPU
		{346EC3E0-25FC-440F-9B27-170BBDF0C9DE}.Release|Any CPU.ActiveCfg = Release|Any CPU
		{346EC3E0-25FC-440F-9B27-170BBDF0C9DE}.Release|Any CPU.Build.0 = Release|Any CPU
		{C1FE192B-DE36-489C-B257-DB963D08A29A}.Debug|Any CPU.ActiveCfg = Debug|Any CPU
		{C1FE192B-DE36-489C-B257-DB963D08A29A}.Debug|Any CPU.Build.0 = Debug|Any CPU
		{C1FE192B-DE36-489C-B257-DB963D08A29A}.Release|Any CPU.ActiveCfg = Release|Any CPU
		{C1FE192B-DE36-489C-B257-DB963D08A29A}.Release|Any CPU.Build.0 = Release|Any CPU
		{42FD3A90-CC16-4992-9C83-59B6BE02D3E3}.Debug|Any CPU.ActiveCfg = Debug|Any CPU
		{42FD3A90-CC16-4992-9C83-59B6BE02D3E3}.Debug|Any CPU.Build.0 = Debug|Any CPU
		{42FD3A90-CC16-4992-9C83-59B6BE02D3E3}.Release|Any CPU.ActiveCfg = Release|Any CPU
		{42FD3A90-CC16-4992-9C83-59B6BE02D3E3}.Release|Any CPU.Build.0 = Release|Any CPU
		{6EF00CC0-FB80-4106-A745-C25098F94236}.Debug|Any CPU.ActiveCfg = Debug|Any CPU
		{6EF00CC0-FB80-4106-A745-C25098F94236}.Debug|Any CPU.Build.0 = Debug|Any CPU
		{6EF00CC0-FB80-4106-A745-C25098F94236}.Release|Any CPU.ActiveCfg = Release|Any CPU
		{6EF00CC0-FB80-4106-A745-C25098F94236}.Release|Any CPU.Build.0 = Release|Any CPU
		{93A31F03-29A5-491F-877E-9529C9502D8A}.Debug|Any CPU.ActiveCfg = Debug|Any CPU
		{93A31F03-29A5-491F-877E-9529C9502D8A}.Debug|Any CPU.Build.0 = Debug|Any CPU
		{93A31F03-29A5-491F-877E-9529C9502D8A}.Release|Any CPU.ActiveCfg = Release|Any CPU
		{93A31F03-29A5-491F-877E-9529C9502D8A}.Release|Any CPU.Build.0 = Release|Any CPU
		{1CF6110A-49A9-40C7-945B-7FDEA1202D89}.Debug|Any CPU.ActiveCfg = Debug|Any CPU
		{1CF6110A-49A9-40C7-945B-7FDEA1202D89}.Debug|Any CPU.Build.0 = Debug|Any CPU
		{1CF6110A-49A9-40C7-945B-7FDEA1202D89}.Release|Any CPU.ActiveCfg = Release|Any CPU
		{1CF6110A-49A9-40C7-945B-7FDEA1202D89}.Release|Any CPU.Build.0 = Release|Any CPU
		{D88306E4-2432-433A-AB3D-4A48A706EC38}.Debug|Any CPU.ActiveCfg = Debug|Any CPU
		{D88306E4-2432-433A-AB3D-4A48A706EC38}.Debug|Any CPU.Build.0 = Debug|Any CPU
		{D88306E4-2432-433A-AB3D-4A48A706EC38}.Release|Any CPU.ActiveCfg = Release|Any CPU
		{D88306E4-2432-433A-AB3D-4A48A706EC38}.Release|Any CPU.Build.0 = Release|Any CPU
		{421C9458-59FC-406D-AE4D-822536C2E060}.Debug|Any CPU.ActiveCfg = Debug|Any CPU
		{421C9458-59FC-406D-AE4D-822536C2E060}.Debug|Any CPU.Build.0 = Debug|Any CPU
		{421C9458-59FC-406D-AE4D-822536C2E060}.Release|Any CPU.ActiveCfg = Release|Any CPU
		{421C9458-59FC-406D-AE4D-822536C2E060}.Release|Any CPU.Build.0 = Release|Any CPU
		{134084B3-0A08-44D4-8C80-56681F49AB6A}.Debug|Any CPU.ActiveCfg = Debug|Any CPU
		{134084B3-0A08-44D4-8C80-56681F49AB6A}.Debug|Any CPU.Build.0 = Debug|Any CPU
		{134084B3-0A08-44D4-8C80-56681F49AB6A}.Release|Any CPU.ActiveCfg = Release|Any CPU
		{134084B3-0A08-44D4-8C80-56681F49AB6A}.Release|Any CPU.Build.0 = Release|Any CPU
		{35ADE659-C581-41AF-9ED0-6FB2D71B875F}.Debug|Any CPU.ActiveCfg = Debug|Any CPU
		{35ADE659-C581-41AF-9ED0-6FB2D71B875F}.Debug|Any CPU.Build.0 = Debug|Any CPU
		{35ADE659-C581-41AF-9ED0-6FB2D71B875F}.Release|Any CPU.ActiveCfg = Release|Any CPU
		{35ADE659-C581-41AF-9ED0-6FB2D71B875F}.Release|Any CPU.Build.0 = Release|Any CPU
		{0920A2D6-F906-4BB3-B985-2A579DDFAC9A}.Debug|Any CPU.ActiveCfg = Debug|Any CPU
		{0920A2D6-F906-4BB3-B985-2A579DDFAC9A}.Debug|Any CPU.Build.0 = Debug|Any CPU
		{0920A2D6-F906-4BB3-B985-2A579DDFAC9A}.Release|Any CPU.ActiveCfg = Release|Any CPU
		{0920A2D6-F906-4BB3-B985-2A579DDFAC9A}.Release|Any CPU.Build.0 = Release|Any CPU
		{22D74297-92C6-4786-B777-AFF5525B59B6}.Debug|Any CPU.ActiveCfg = Debug|Any CPU
		{22D74297-92C6-4786-B777-AFF5525B59B6}.Debug|Any CPU.Build.0 = Debug|Any CPU
		{22D74297-92C6-4786-B777-AFF5525B59B6}.Release|Any CPU.ActiveCfg = Release|Any CPU
		{22D74297-92C6-4786-B777-AFF5525B59B6}.Release|Any CPU.Build.0 = Release|Any CPU
		{C4045CBA-8647-40D6-AD13-BF5D7B7D1C40}.Debug|Any CPU.ActiveCfg = Debug|Any CPU
		{C4045CBA-8647-40D6-AD13-BF5D7B7D1C40}.Debug|Any CPU.Build.0 = Debug|Any CPU
		{C4045CBA-8647-40D6-AD13-BF5D7B7D1C40}.Release|Any CPU.ActiveCfg = Release|Any CPU
		{C4045CBA-8647-40D6-AD13-BF5D7B7D1C40}.Release|Any CPU.Build.0 = Release|Any CPU
		{F16B9623-3E3A-4D9C-AE57-2A60A7BC392C}.Debug|Any CPU.ActiveCfg = Debug|Any CPU
		{F16B9623-3E3A-4D9C-AE57-2A60A7BC392C}.Debug|Any CPU.Build.0 = Debug|Any CPU
		{F16B9623-3E3A-4D9C-AE57-2A60A7BC392C}.Release|Any CPU.ActiveCfg = Release|Any CPU
		{F16B9623-3E3A-4D9C-AE57-2A60A7BC392C}.Release|Any CPU.Build.0 = Release|Any CPU
	EndGlobalSection
	GlobalSection(SolutionProperties) = preSolution
		HideSolutionNode = FALSE
	EndGlobalSection
	GlobalSection(NestedProjects) = preSolution
		{66B864EB-F4A3-4980-A6FB-C47E5DB4F203} = {66ED4AB4-EC64-4A46-9127-A18722F001A8}
		{BC9F10B2-C2A7-4E79-BADF-A32A5F3502A3} = {B9EA1795-85E6-4697-B81F-273B9A03AB21}
		{E19DCC72-177D-4375-B9EF-8A2841FCA02A} = {B9EA1795-85E6-4697-B81F-273B9A03AB21}
		{460BDF78-14D7-45AE-AA3E-AABAD02310ED} = {B9EA1795-85E6-4697-B81F-273B9A03AB21}
		{395F3A5C-422A-4107-B595-9B8FBF81DC40} = {AD461F82-260F-42DA-8AA0-8E6C1EC27B69}
		{346EC3E0-25FC-440F-9B27-170BBDF0C9DE} = {AD461F82-260F-42DA-8AA0-8E6C1EC27B69}
		{C1FE192B-DE36-489C-B257-DB963D08A29A} = {5E3B87C2-BB98-432E-BD68-9F16AA285B3C}
		{42FD3A90-CC16-4992-9C83-59B6BE02D3E3} = {63A9FD73-13D6-4C91-98B5-D9D7A4127E6F}
		{6EF00CC0-FB80-4106-A745-C25098F94236} = {63A9FD73-13D6-4C91-98B5-D9D7A4127E6F}
		{93A31F03-29A5-491F-877E-9529C9502D8A} = {63A9FD73-13D6-4C91-98B5-D9D7A4127E6F}
		{1CF6110A-49A9-40C7-945B-7FDEA1202D89} = {63A9FD73-13D6-4C91-98B5-D9D7A4127E6F}
		{D88306E4-2432-433A-AB3D-4A48A706EC38} = {63A9FD73-13D6-4C91-98B5-D9D7A4127E6F}
		{421C9458-59FC-406D-AE4D-822536C2E060} = {63A9FD73-13D6-4C91-98B5-D9D7A4127E6F}
		{134084B3-0A08-44D4-8C80-56681F49AB6A} = {63A9FD73-13D6-4C91-98B5-D9D7A4127E6F}
		{35ADE659-C581-41AF-9ED0-6FB2D71B875F} = {63A9FD73-13D6-4C91-98B5-D9D7A4127E6F}
		{0920A2D6-F906-4BB3-B985-2A579DDFAC9A} = {63A9FD73-13D6-4C91-98B5-D9D7A4127E6F}
		{C4045CBA-8647-40D6-AD13-BF5D7B7D1C40} = {B9EA1795-85E6-4697-B81F-273B9A03AB21}
		{F16B9623-3E3A-4D9C-AE57-2A60A7BC392C} = {AD461F82-260F-42DA-8AA0-8E6C1EC27B69}
	EndGlobalSection
	GlobalSection(ExtensibilityGlobals) = postSolution
		SolutionGuid = {4994B291-2331-4220-9C46-54732A892A1D}
	EndGlobalSection
EndGlobal
